<?xml version="1.0" encoding="utf-8"?>
<Project ToolsVersion="4.0" xmlns="http://schemas.microsoft.com/developer/msbuild/2003">
  <ItemGroup>
    <ClInclude Include="..\Classes\NDKHelper\NDKCallbackNode.h" />
    <ClInclude Include="..\Classes\NDKHelper\NDKHelper.h" />
  </ItemGroup>
  <ItemGroup>
    <ClCompile Include="..\Classes\NDKHelper\NDKHelper.cpp" />
    <ClCompile Include="..\Classes\NDKHelper\NDKCallbackNode.cpp" />
  </ItemGroup>
</Project>